
Microsoft Visual Studio Solution File, Format Version 12.00
# Visual Studio Version 16
VisualStudioVersion = 16.0.28803.202
MinimumVisualStudioVersion = 10.0.40219.1
Project("{FAE04EC0-301F-11D3-BF4B-00C04F79EFBC}") = "ConvertNumericToWords", "ConvertNumericToWords\ConvertNumericToWords.csproj", "{A705DB3E-4D23-4E60-BEF6-6782B91F7653}"
EndProject
Global
	GlobalSection(SolutionConfigurationPlatforms) = preSolution
		Debug|Any CPU = Debug|Any CPU
		Release|Any CPU = Release|Any CPU
	EndGlobalSection
	GlobalSection(ProjectConfigurationPlatforms) = postSolution
		{A705DB3E-4D23-4E60-BEF6-6782B91F7653}.Debug|Any CPU.ActiveCfg = Debug|Any CPU
		{A705DB3E-4D23-4E60-BEF6-6782B91F7653}.Debug|Any CPU.Build.0 = Debug|Any CPU
		{A705DB3E-4D23-4E60-BEF6-6782B91F7653}.Release|Any CPU.ActiveCfg = Release|Any CPU
		{A705DB3E-4D23-4E60-BEF6-6782B91F7653}.Release|Any CPU.Build.0 = Release|Any CPU
	EndGlobalSection
	GlobalSection(SolutionProperties) = preSolution
		HideSolutionNode = FALSE
	EndGlobalSection
	GlobalSection(ExtensibilityGlobals) = postSolution
		SolutionGuid = {E80F9A4B-FFE2-4032-85BE-D9C6D28A624F}
	EndGlobalSection
EndGlobal
